
Microsoft Visual Studio Solution File, Format Version 12.00
# Visual Studio Version 17
VisualStudioVersion = 17.5.002.0
MinimumVisualStudioVersion = 10.0.40219.1
Project("{9A19103F-16F7-4668-BE54-9A1E7A4F7556}") = "College-Sports-WebApp", "College-Sports-WebApp\College-Sports-WebApp.csproj", "{223C4661-9437-4D3B-A679-3141E845FF62}"
EndProject
Project("{FAE04EC0-301F-11D3-BF4B-00C04F79EFBC}") = "College-Sports-Domain", "College-Sports-Domain\College-Sports-Domain.csproj", "{914A529E-E9F9-47E2-BA88-E1BE096CA25A}"
EndProject
Project("{FAE04EC0-301F-11D3-BF4B-00C04F79EFBC}") = "College-Sports-Tests", "College-Sports-Tests\College-Sports-Tests.csproj", "{7BCA741A-B2AD-46DA-87C8-83B0412F5AB3}"
EndProject
Global
	GlobalSection(SolutionConfigurationPlatforms) = preSolution
		Debug|Any CPU = Debug|Any CPU
		Release|Any CPU = Release|Any CPU
	EndGlobalSection
	GlobalSection(ProjectConfigurationPlatforms) = postSolution
		{223C4661-9437-4D3B-A679-3141E845FF62}.Debug|Any CPU.ActiveCfg = Debug|Any CPU
		{223C4661-9437-4D3B-A679-3141E845FF62}.Debug|Any CPU.Build.0 = Debug|Any CPU
		{223C4661-9437-4D3B-A679-3141E845FF62}.Release|Any CPU.ActiveCfg = Release|Any CPU
		{223C4661-9437-4D3B-A679-3141E845FF62}.Release|Any CPU.Build.0 = Release|Any CPU
		{914A529E-E9F9-47E2-BA88-E1BE096CA25A}.Debug|Any CPU.ActiveCfg = Debug|Any CPU
		{914A529E-E9F9-47E2-BA88-E1BE096CA25A}.Debug|Any CPU.Build.0 = Debug|Any CPU
		{914A529E-E9F9-47E2-BA88-E1BE096CA25A}.Release|Any CPU.ActiveCfg = Release|Any CPU
		{914A529E-E9F9-47E2-BA88-E1BE096CA25A}.Release|Any CPU.Build.0 = Release|Any CPU
		{7BCA741A-B2AD-46DA-87C8-83B0412F5AB3}.Debug|Any CPU.ActiveCfg = Debug|Any CPU
		{7BCA741A-B2AD-46DA-87C8-83B0412F5AB3}.Debug|Any CPU.Build.0 = Debug|Any CPU
		{7BCA741A-B2AD-46DA-87C8-83B0412F5AB3}.Release|Any CPU.ActiveCfg = Release|Any CPU
		{7BCA741A-B2AD-46DA-87C8-83B0412F5AB3}.Release|Any CPU.Build.0 = Release|Any CPU
	EndGlobalSection
	GlobalSection(SolutionProperties) = preSolution
		HideSolutionNode = FALSE
	EndGlobalSection
	GlobalSection(ExtensibilityGlobals) = postSolution
		SolutionGuid = {9099D829-0FA1-46C0-B504-2DBBE13CE826}
	EndGlobalSection
EndGlobal
